
Microsoft Visual Studio Solution File, Format Version 12.00
# Visual Studio Version 17
VisualStudioVersion = 17.1.32210.238
MinimumVisualStudioVersion = 10.0.40219.1
Project("{FAE04EC0-301F-11D3-BF4B-00C04F79EFBC}") = "HomeWork_GB", "HomeWork_GB\HomeWork_GB.csproj", "{2FECE4EC-2001-4A1C-8B65-46C1EE6A273F}"
EndProject
Project("{FAE04EC0-301F-11D3-BF4B-00C04F79EFBC}") = "Alina.Utils", "Alina.Utils\Alina.Utils.csproj", "{98D4905D-5621-49BE-905D-7658E7BBE482}"
EndProject
Global
	GlobalSection(SolutionConfigurationPlatforms) = preSolution
		Debug|Any CPU = Debug|Any CPU
		Release|Any CPU = Release|Any CPU
	EndGlobalSection
	GlobalSection(ProjectConfigurationPlatforms) = postSolution
		{2FECE4EC-2001-4A1C-8B65-46C1EE6A273F}.Debug|Any CPU.ActiveCfg = Debug|Any CPU
		{2FECE4EC-2001-4A1C-8B65-46C1EE6A273F}.Debug|Any CPU.Build.0 = Debug|Any CPU
		{2FECE4EC-2001-4A1C-8B65-46C1EE6A273F}.Release|Any CPU.ActiveCfg = Release|Any CPU
		{2FECE4EC-2001-4A1C-8B65-46C1EE6A273F}.Release|Any CPU.Build.0 = Release|Any CPU
		{98D4905D-5621-49BE-905D-7658E7BBE482}.Debug|Any CPU.ActiveCfg = Debug|Any CPU
		{98D4905D-5621-49BE-905D-7658E7BBE482}.Debug|Any CPU.Build.0 = Debug|Any CPU
		{98D4905D-5621-49BE-905D-7658E7BBE482}.Release|Any CPU.ActiveCfg = Release|Any CPU
		{98D4905D-5621-49BE-905D-7658E7BBE482}.Release|Any CPU.Build.0 = Release|Any CPU
	EndGlobalSection
	GlobalSection(SolutionProperties) = preSolution
		HideSolutionNode = FALSE
	EndGlobalSection
	GlobalSection(ExtensibilityGlobals) = postSolution
		SolutionGuid = {B8038550-5BB4-4DBC-9AC7-61535D3B6683}
	EndGlobalSection
EndGlobal
