
Microsoft Visual Studio Solution File, Format Version 12.00
# Visual Studio Version 17
VisualStudioVersion = 17.1.32210.238
MinimumVisualStudioVersion = 10.0.40219.1
Project("{9A19103F-16F7-4668-BE54-9A1E7A4F7556}") = "HelloWorld", "HelloWorld\HelloWorld.csproj", "{147606A9-0F0A-41A7-A9EE-00041293E0AB}"
EndProject
Project("{FAE04EC0-301F-11D3-BF4B-00C04F79EFBC}") = "CinemaAdvisor", "CinemaAdvisor\CinemaAdvisor.csproj", "{3DFCFF50-5363-44BC-A1C2-CF4E4701F9CB}"
EndProject
Global
	GlobalSection(SolutionConfigurationPlatforms) = preSolution
		Debug|Any CPU = Debug|Any CPU
		Release|Any CPU = Release|Any CPU
	EndGlobalSection
	GlobalSection(ProjectConfigurationPlatforms) = postSolution
		{147606A9-0F0A-41A7-A9EE-00041293E0AB}.Debug|Any CPU.ActiveCfg = Debug|Any CPU
		{147606A9-0F0A-41A7-A9EE-00041293E0AB}.Debug|Any CPU.Build.0 = Debug|Any CPU
		{147606A9-0F0A-41A7-A9EE-00041293E0AB}.Release|Any CPU.ActiveCfg = Release|Any CPU
		{147606A9-0F0A-41A7-A9EE-00041293E0AB}.Release|Any CPU.Build.0 = Release|Any CPU
		{3DFCFF50-5363-44BC-A1C2-CF4E4701F9CB}.Debug|Any CPU.ActiveCfg = Debug|Any CPU
		{3DFCFF50-5363-44BC-A1C2-CF4E4701F9CB}.Debug|Any CPU.Build.0 = Debug|Any CPU
		{3DFCFF50-5363-44BC-A1C2-CF4E4701F9CB}.Release|Any CPU.ActiveCfg = Release|Any CPU
		{3DFCFF50-5363-44BC-A1C2-CF4E4701F9CB}.Release|Any CPU.Build.0 = Release|Any CPU
	EndGlobalSection
	GlobalSection(SolutionProperties) = preSolution
		HideSolutionNode = FALSE
	EndGlobalSection
	GlobalSection(ExtensibilityGlobals) = postSolution
		SolutionGuid = {46ABB212-7165-41EB-8E7A-0DE39D0FD63C}
	EndGlobalSection
EndGlobal
